
Microsoft Visual Studio Solution File, Format Version 12.00
# Visual Studio Version 17
VisualStudioVersion = 17.9.34616.47
MinimumVisualStudioVersion = 10.0.40219.1
Project("{9A19103F-16F7-4668-BE54-9A1E7A4F7556}") = "Strategy", "Strategy\Strategy.csproj", "{75C60099-C77D-44F0-AB82-EB12665944DD}"
EndProject
Project("{9A19103F-16F7-4668-BE54-9A1E7A4F7556}") = "StrategyInvestimento", "StrategyInvestimento\StrategyInvestimento.csproj", "{54AA7F91-720F-42B3-A922-0DC75002852C}"
EndProject
Project("{FAE04EC0-301F-11D3-BF4B-00C04F79EFBC}") = "ChainsOfResponsability", "ChainsOfResponsability\ChainsOfResponsability.csproj", "{DE700FC5-961D-4B83-843C-297DAA96383C}"
EndProject
Project("{FAE04EC0-301F-11D3-BF4B-00C04F79EFBC}") = "ChainsOfResponsabilityRequisicaoWeb", "ChainsOfResponsabilityRequisicaoWeb\ChainsOfResponsabilityRequisicaoWeb.csproj", "{E1D84600-951E-4333-8990-FE6E5851CCC0}"
EndProject
Project("{FAE04EC0-301F-11D3-BF4B-00C04F79EFBC}") = "TemplateMethod", "TemplateMethod\TemplateMethod.csproj", "{87E81B9C-EABE-4484-BBDF-42FA4C3A4756}"
EndProject
Project("{FAE04EC0-301F-11D3-BF4B-00C04F79EFBC}") = "TemplateMethodRelatorios", "TemplateMethodRelatorios\TemplateMethodRelatorios.csproj", "{BDEB1495-E2B1-42EA-B0BD-D004C4C06C11}"
EndProject
Global
	GlobalSection(SolutionConfigurationPlatforms) = preSolution
		Debug|Any CPU = Debug|Any CPU
		Release|Any CPU = Release|Any CPU
	EndGlobalSection
	GlobalSection(ProjectConfigurationPlatforms) = postSolution
		{75C60099-C77D-44F0-AB82-EB12665944DD}.Debug|Any CPU.ActiveCfg = Debug|Any CPU
		{75C60099-C77D-44F0-AB82-EB12665944DD}.Debug|Any CPU.Build.0 = Debug|Any CPU
		{75C60099-C77D-44F0-AB82-EB12665944DD}.Release|Any CPU.ActiveCfg = Release|Any CPU
		{75C60099-C77D-44F0-AB82-EB12665944DD}.Release|Any CPU.Build.0 = Release|Any CPU
		{54AA7F91-720F-42B3-A922-0DC75002852C}.Debug|Any CPU.ActiveCfg = Debug|Any CPU
		{54AA7F91-720F-42B3-A922-0DC75002852C}.Debug|Any CPU.Build.0 = Debug|Any CPU
		{54AA7F91-720F-42B3-A922-0DC75002852C}.Release|Any CPU.ActiveCfg = Release|Any CPU
		{54AA7F91-720F-42B3-A922-0DC75002852C}.Release|Any CPU.Build.0 = Release|Any CPU
		{DE700FC5-961D-4B83-843C-297DAA96383C}.Debug|Any CPU.ActiveCfg = Debug|Any CPU
		{DE700FC5-961D-4B83-843C-297DAA96383C}.Debug|Any CPU.Build.0 = Debug|Any CPU
		{DE700FC5-961D-4B83-843C-297DAA96383C}.Release|Any CPU.ActiveCfg = Release|Any CPU
		{DE700FC5-961D-4B83-843C-297DAA96383C}.Release|Any CPU.Build.0 = Release|Any CPU
		{E1D84600-951E-4333-8990-FE6E5851CCC0}.Debug|Any CPU.ActiveCfg = Debug|Any CPU
		{E1D84600-951E-4333-8990-FE6E5851CCC0}.Debug|Any CPU.Build.0 = Debug|Any CPU
		{E1D84600-951E-4333-8990-FE6E5851CCC0}.Release|Any CPU.ActiveCfg = Release|Any CPU
		{E1D84600-951E-4333-8990-FE6E5851CCC0}.Release|Any CPU.Build.0 = Release|Any CPU
		{87E81B9C-EABE-4484-BBDF-42FA4C3A4756}.Debug|Any CPU.ActiveCfg = Debug|Any CPU
		{87E81B9C-EABE-4484-BBDF-42FA4C3A4756}.Debug|Any CPU.Build.0 = Debug|Any CPU
		{87E81B9C-EABE-4484-BBDF-42FA4C3A4756}.Release|Any CPU.ActiveCfg = Release|Any CPU
		{87E81B9C-EABE-4484-BBDF-42FA4C3A4756}.Release|Any CPU.Build.0 = Release|Any CPU
		{BDEB1495-E2B1-42EA-B0BD-D004C4C06C11}.Debug|Any CPU.ActiveCfg = Debug|Any CPU
		{BDEB1495-E2B1-42EA-B0BD-D004C4C06C11}.Debug|Any CPU.Build.0 = Debug|Any CPU
		{BDEB1495-E2B1-42EA-B0BD-D004C4C06C11}.Release|Any CPU.ActiveCfg = Release|Any CPU
		{BDEB1495-E2B1-42EA-B0BD-D004C4C06C11}.Release|Any CPU.Build.0 = Release|Any CPU
	EndGlobalSection
	GlobalSection(SolutionProperties) = preSolution
		HideSolutionNode = FALSE
	EndGlobalSection
	GlobalSection(ExtensibilityGlobals) = postSolution
		SolutionGuid = {68B40CA1-4AD9-43FC-813B-8AA87EE14D54}
	EndGlobalSection
EndGlobal
